
Microsoft Visual Studio Solution File, Format Version 12.00
# Visual Studio 15
VisualStudioVersion = 15.0.27703.2047
MinimumVisualStudioVersion = 10.0.40219.1
Project("{FAE04EC0-301F-11D3-BF4B-00C04F79EFBC}") = "Ejercicio_01", "Ejercicio_01\Ejercicio_01.csproj", "{74B97534-AEC7-4EEA-B706-F7569A07858C}"
EndProject
Project("{FAE04EC0-301F-11D3-BF4B-00C04F79EFBC}") = "Ejercicio_02", "Ejercicio_02\Ejercicio_02.csproj", "{73B8A7A8-8B5B-42D1-9699-09A1516309B7}"
EndProject
Global
	GlobalSection(SolutionConfigurationPlatforms) = preSolution
		Debug|Any CPU = Debug|Any CPU
		Release|Any CPU = Release|Any CPU
	EndGlobalSection
	GlobalSection(ProjectConfigurationPlatforms) = postSolution
		{74B97534-AEC7-4EEA-B706-F7569A07858C}.Debug|Any CPU.ActiveCfg = Debug|Any CPU
		{74B97534-AEC7-4EEA-B706-F7569A07858C}.Debug|Any CPU.Build.0 = Debug|Any CPU
		{74B97534-AEC7-4EEA-B706-F7569A07858C}.Release|Any CPU.ActiveCfg = Release|Any CPU
		{74B97534-AEC7-4EEA-B706-F7569A07858C}.Release|Any CPU.Build.0 = Release|Any CPU
		{73B8A7A8-8B5B-42D1-9699-09A1516309B7}.Debug|Any CPU.ActiveCfg = Debug|Any CPU
		{73B8A7A8-8B5B-42D1-9699-09A1516309B7}.Debug|Any CPU.Build.0 = Debug|Any CPU
		{73B8A7A8-8B5B-42D1-9699-09A1516309B7}.Release|Any CPU.ActiveCfg = Release|Any CPU
		{73B8A7A8-8B5B-42D1-9699-09A1516309B7}.Release|Any CPU.Build.0 = Release|Any CPU
	EndGlobalSection
	GlobalSection(SolutionProperties) = preSolution
		HideSolutionNode = FALSE
	EndGlobalSection
	GlobalSection(ExtensibilityGlobals) = postSolution
		SolutionGuid = {EC995561-0AFA-48D1-A5D3-1FDFE5AD6D3C}
	EndGlobalSection
EndGlobal
